
Microsoft Visual Studio Solution File, Format Version 12.00
# Visual Studio Version 17
VisualStudioVersion = 17.3.32929.385
MinimumVisualStudioVersion = 10.0.40219.1
Project("{9A19103F-16F7-4668-BE54-9A1E7A4F7556}") = "DesktopApplication", "DesktopApplication\DesktopApplication.csproj", "{2FF8DB24-C305-437D-B9AE-EDAB0C8BA1C6}"
EndProject
Project("{9A19103F-16F7-4668-BE54-9A1E7A4F7556}") = "BusinessLogic", "BusinessLogic\BusinessLogic.csproj", "{B5AA2606-B60F-4454-8661-3D736C25D025}"
EndProject
Project("{9A19103F-16F7-4668-BE54-9A1E7A4F7556}") = "DataAccess", "DataAccess\DataAccess.csproj", "{FE543537-DC42-4F7A-81E5-25440552F889}"
EndProject
Project("{9A19103F-16F7-4668-BE54-9A1E7A4F7556}") = "WebApp", "WebApp\WebApp.csproj", "{B27731E2-3D45-44F8-AF38-F12A9EB6160E}"
EndProject
Global
	GlobalSection(SolutionConfigurationPlatforms) = preSolution
		Debug|Any CPU = Debug|Any CPU
		Release|Any CPU = Release|Any CPU
	EndGlobalSection
	GlobalSection(ProjectConfigurationPlatforms) = postSolution
		{2FF8DB24-C305-437D-B9AE-EDAB0C8BA1C6}.Debug|Any CPU.ActiveCfg = Debug|Any CPU
		{2FF8DB24-C305-437D-B9AE-EDAB0C8BA1C6}.Debug|Any CPU.Build.0 = Debug|Any CPU
		{2FF8DB24-C305-437D-B9AE-EDAB0C8BA1C6}.Release|Any CPU.ActiveCfg = Release|Any CPU
		{2FF8DB24-C305-437D-B9AE-EDAB0C8BA1C6}.Release|Any CPU.Build.0 = Release|Any CPU
		{B5AA2606-B60F-4454-8661-3D736C25D025}.Debug|Any CPU.ActiveCfg = Debug|Any CPU
		{B5AA2606-B60F-4454-8661-3D736C25D025}.Debug|Any CPU.Build.0 = Debug|Any CPU
		{B5AA2606-B60F-4454-8661-3D736C25D025}.Release|Any CPU.ActiveCfg = Release|Any CPU
		{B5AA2606-B60F-4454-8661-3D736C25D025}.Release|Any CPU.Build.0 = Release|Any CPU
		{FE543537-DC42-4F7A-81E5-25440552F889}.Debug|Any CPU.ActiveCfg = Debug|Any CPU
		{FE543537-DC42-4F7A-81E5-25440552F889}.Debug|Any CPU.Build.0 = Debug|Any CPU
		{FE543537-DC42-4F7A-81E5-25440552F889}.Release|Any CPU.ActiveCfg = Release|Any CPU
		{FE543537-DC42-4F7A-81E5-25440552F889}.Release|Any CPU.Build.0 = Release|Any CPU
		{B27731E2-3D45-44F8-AF38-F12A9EB6160E}.Debug|Any CPU.ActiveCfg = Debug|Any CPU
		{B27731E2-3D45-44F8-AF38-F12A9EB6160E}.Debug|Any CPU.Build.0 = Debug|Any CPU
		{B27731E2-3D45-44F8-AF38-F12A9EB6160E}.Release|Any CPU.ActiveCfg = Release|Any CPU
		{B27731E2-3D45-44F8-AF38-F12A9EB6160E}.Release|Any CPU.Build.0 = Release|Any CPU
	EndGlobalSection
	GlobalSection(SolutionProperties) = preSolution
		HideSolutionNode = FALSE
	EndGlobalSection
	GlobalSection(ExtensibilityGlobals) = postSolution
		SolutionGuid = {8882EF6D-ADB3-47A4-AAD1-5FEE4BB77107}
	EndGlobalSection
EndGlobal
